
Microsoft Visual Studio Solution File, Format Version 12.00
# Visual Studio Version 17
VisualStudioVersion = 17.2.32616.157
MinimumVisualStudioVersion = 10.0.40219.1
Project("{FAE04EC0-301F-11D3-BF4B-00C04F79EFBC}") = "Variables", "Variables\Variables.csproj", "{0BA81DF3-20FD-4609-A606-AC1A8064402A}"
EndProject
Global
	GlobalSection(SolutionConfigurationPlatforms) = preSolution
		Debug|Any CPU = Debug|Any CPU
		Release|Any CPU = Release|Any CPU
	EndGlobalSection
	GlobalSection(ProjectConfigurationPlatforms) = postSolution
		{0BA81DF3-20FD-4609-A606-AC1A8064402A}.Debug|Any CPU.ActiveCfg = Debug|Any CPU
		{0BA81DF3-20FD-4609-A606-AC1A8064402A}.Debug|Any CPU.Build.0 = Debug|Any CPU
		{0BA81DF3-20FD-4609-A606-AC1A8064402A}.Release|Any CPU.ActiveCfg = Release|Any CPU
		{0BA81DF3-20FD-4609-A606-AC1A8064402A}.Release|Any CPU.Build.0 = Release|Any CPU
	EndGlobalSection
	GlobalSection(SolutionProperties) = preSolution
		HideSolutionNode = FALSE
	EndGlobalSection
	GlobalSection(ExtensibilityGlobals) = postSolution
		SolutionGuid = {2794030D-7B80-4C1D-AB1B-6591BCF6673D}
	EndGlobalSection
EndGlobal
